// !$*UTF8*$!
{
	archiveVersion = 1;
	classes = {
	};
	objectVersion = 46;
	objects = {

/* Begin PBXBuildFile section */
		796FCAC01B8B540D0089EDDD /* AppDelegate.swift in Sources */ = {isa = PBXBuildFile; fileRef = 796FCABF1B8B540D0089EDDD /* AppDelegate.swift */; };
		796FCAC21B8B540D0089EDDD /* ViewController.swift in Sources */ = {isa = PBXBuildFile; fileRef = 796FCAC11B8B540D0089EDDD /* ViewController.swift */; };
		796FCAC51B8B540D0089EDDD /* Main.storyboard in Resources */ = {isa = PBXBuildFile; fileRef = 796FCAC31B8B540D0089EDDD /* Main.storyboard */; };
		796FCAC71B8B540D0089EDDD /* Images.xcassets in Resources */ = {isa = PBXBuildFile; fileRef = 796FCAC61B8B540D0089EDDD /* Images.xcassets */; };
		796FCACA1B8B540D0089EDDD /* LaunchScreen.xib in Resources */ = {isa = PBXBuildFile; fileRef = 796FCAC81B8B540D0089EDDD /* LaunchScreen.xib */; };
		796FCAD61B8B540D0089EDDD /* MapKitPracticeTests.swift in Sources */ = {isa = PBXBuildFile; fileRef = 796FCAD51B8B540D0089EDDD /* MapKitPracticeTests.swift */; };
		796FCAE01B8B543A0089EDDD /* MapKit.framework in Frameworks */ = {isa = PBXBuildFile; fileRef = 796FCADF1B8B543A0089EDDD /* MapKit.framework */; };
		79EE02501B8C40D5001ED1A4 /* CoreLocation.framework in Frameworks */ = {isa = PBXBuildFile; fileRef = 79EE024F1B8C40D5001ED1A4 /* CoreLocation.framework */; };
		79EE02541B8C5670001ED1A4 /* RouteVC.swift in Sources */ = {isa = PBXBuildFile; fileRef = 79EE02531B8C5670001ED1A4 /* RouteVC.swift */; };
/* End PBXBuildFile section */

/* Begin PBXContainerItemProxy section */
		796FCAD01B8B540D0089EDDD /* PBXContainerItemProxy */ = {
			isa = PBXContainerItemProxy;
			containerPortal = 796FCAB21B8B540D0089EDDD /* Project object */;
			proxyType = 1;
			remoteGlobalIDString = 796FCAB91B8B540D0089EDDD;
			remoteInfo = MapKitPractice;
		};
/* End PBXContainerItemProxy section */

/* Begin PBXFileReference section */
		796FCABA1B8B540D0089EDDD /* MapKitPractice.app */ = {isa = PBXFileReference; explicitFileType = wrapper.application; includeInIndex = 0; path = MapKitPractice.app; sourceTree = BUILT_PRODUCTS_DIR; };
		796FCABE1B8B540D0089EDDD /* Info.plist */ = {isa = PBXFileReference; lastKnownFileType = text.plist.xml; path = Info.plist; sourceTree = "<group>"; };
		796FCABF1B8B540D0089EDDD /* AppDelegate.swift */ = {isa = PBXFileReference; lastKnownFileType = sourcecode.swift; path = AppDelegate.swift; sourceTree = "<group>"; };
		796FCAC11B8B540D0089EDDD /* ViewController.swift */ = {isa = PBXFileReference; lastKnownFileType = sourcecode.swift; path = ViewController.swift; sourceTree = "<group>"; };
		796FCAC41B8B540D0089EDDD /* Base */ = {isa = PBXFileReference; lastKnownFileType = file.storyboard; name = Base; path = Base.lproj/Main.storyboard; sourceTree = "<group>"; };
		796FCAC61B8B540D0089EDDD /* Images.xcassets */ = {isa = PBXFileReference; lastKnownFileType = folder.assetcatalog; path = Images.xcassets; sourceTree = "<group>"; };
		796FCAC91B8B540D0089EDDD /* Base */ = {isa = PBXFileReference; lastKnownFileType = file.xib; name = Base; path = Base.lproj/LaunchScreen.xib; sourceTree = "<group>"; };
		796FCACF1B8B540D0089EDDD /* MapKitPracticeTests.xctest */ = {isa = PBXFileReference; explicitFileType = wrapper.cfbundle; includeInIndex = 0; path = MapKitPracticeTests.xctest; sourceTree = BUILT_PRODUCTS_DIR; };
		796FCAD41B8B540D0089EDDD /* Info.plist */ = {isa = PBXFileReference; lastKnownFileType = text.plist.xml; path = Info.plist; sourceTree = "<group>"; };
		796FCAD51B8B540D0089EDDD /* MapKitPracticeTests.swift */ = {isa = PBXFileReference; lastKnownFileType = sourcecode.swift; path = MapKitPracticeTests.swift; sourceTree = "<group>"; };
		796FCADF1B8B543A0089EDDD /* MapKit.framework */ = {isa = PBXFileReference; lastKnownFileType = wrapper.framework; name = MapKit.framework; path = System/Library/Frameworks/MapKit.framework; sourceTree = SDKROOT; };
		79EE024F1B8C40D5001ED1A4 /* CoreLocation.framework */ = {isa = PBXFileReference; lastKnownFileType = wrapper.framework; name = CoreLocation.framework; path = System/Library/Frameworks/CoreLocation.framework; sourceTree = SDKROOT; };
		79EE02531B8C5670001ED1A4 /* RouteVC.swift */ = {isa = PBXFileReference; fileEncoding = 4; lastKnownFileType = sourcecode.swift; path = RouteVC.swift; sourceTree = "<group>"; };
/* End PBXFileReference section */

/* Begin PBXFrameworksBuildPhase section */
		796FCAB71B8B540D0089EDDD /* Frameworks */ = {
			isa = PBXFrameworksBuildPhase;
			buildActionMask = 2147483647;
			files = (
				79EE02501B8C40D5001ED1A4 /* CoreLocation.framework in Frameworks */,
				796FCAE01B8B543A0089EDDD /* MapKit.framework in Frameworks */,
			);
			runOnlyForDeploymentPostprocessing = 0;
		};
		796FCACC1B8B540D0089EDDD /* Frameworks */ = {
			isa = PBXFrameworksBuildPhase;
			buildActionMask = 2147483647;
			files = (
			);
			runOnlyForDeploymentPostprocessing = 0;
		};
/* End PBXFrameworksBuildPhase section */

/* Begin PBXGroup section */
		796FCAB11B8B540D0089EDDD = {
			isa = PBXGroup;
			children = (
				79EE024F1B8C40D5001ED1A4 /* CoreLocation.framework */,
				796FCADF1B8B543A0089EDDD /* MapKit.framework */,
				796FCABC1B8B540D0089EDDD /* MapKitPractice */,
				796FCAD21B8B540D0089EDDD /* MapKitPracticeTests */,
				796FCABB1B8B540D0089EDDD /* Products */,
			);
			sourceTree = "<group>";
		};
		796FCABB1B8B540D0089EDDD /* Products */ = {
			isa = PBXGroup;
			children = (
				796FCABA1B8B540D0089EDDD /* MapKitPractice.app */,
				796FCACF1B8B540D0089EDDD /* MapKitPracticeTests.xctest */,
			);
			name = Products;
			sourceTree = "<group>";
		};
		796FCABC1B8B540D0089EDDD /* MapKitPractice */ = {
			isa = PBXGroup;
			children = (
				796FCABF1B8B540D0089EDDD /* AppDelegate.swift */,
				796FCAC11B8B540D0089EDDD /* ViewController.swift */,
				79EE02531B8C5670001ED1A4 /* RouteVC.swift */,
				796FCAC31B8B540D0089EDDD /* Main.storyboard */,
				796FCAC61B8B540D0089EDDD /* Images.xcassets */,
				796FCAC81B8B540D0089EDDD /* LaunchScreen.xib */,
				796FCABD1B8B540D0089EDDD /* Supporting Files */,
			);
			path = MapKitPractice;
			sourceTree = "<group>";
		};
		796FCABD1B8B540D0089EDDD /* Supporting Files */ = {
			isa = PBXGroup;
			children = (
				796FCABE1B8B540D0089EDDD /* Info.plist */,
			);
			name = "Supporting Files";
			sourceTree = "<group>";
		};
		796FCAD21B8B540D0089EDDD /* MapKitPracticeTests */ = {
			isa = PBXGroup;
			children = (
				796FCAD51B8B540D0089EDDD /* MapKitPracticeTests.swift */,
				796FCAD31B8B540D0089EDDD /* Supporting Files */,
			);
			path = MapKitPracticeTests;
			sourceTree = "<group>";
		};
		796FCAD31B8B540D0089EDDD /* Supporting Files */ = {
			isa = PBXGroup;
			children = (
				796FCAD41B8B540D0089EDDD /* Info.plist */,
			);
			name = "Supporting Files";
			sourceTree = "<group>";
		};
/* End PBXGroup section */

/* Begin PBXNativeTarget section */
		796FCAB91B8B540D0089EDDD /* MapKitPractice */ = {
			isa = PBXNativeTarget;
			buildConfigurationList = 796FCAD91B8B540D0089EDDD /* Build configuration list for PBXNativeTarget "MapKitPractice" */;
			buildPhases = (
				796FCAB61B8B540D0089EDDD /* Sources */,
				796FCAB71B8B540D0089EDDD /* Frameworks */,
				796FCAB81B8B540D0089EDDD /* Resources */,
			);
			buildRules = (
			);
			dependencies = (
			);
			name = MapKitPractice;
			productName = MapKitPractice;
			productReference = 796FCABA1B8B540D0089EDDD /* MapKitPractice.app */;
			productType = "com.apple.product-type.application";
		};
		796FCACE1B8B540D0089EDDD /* MapKitPracticeTests */ = {
			isa = PBXNativeTarget;
			buildConfigurationList = 796FCADC1B8B540D0089EDDD /* Build configuration list for PBXNativeTarget "MapKitPracticeTests" */;
			buildPhases = (
				796FCACB1B8B540D0089EDDD /* Sources */,
				796FCACC1B8B540D0089EDDD /* Frameworks */,
				796FCACD1B8B540D0089EDDD /* Resources */,
			);
			buildRules = (
			);
			dependencies = (
				796FCAD11B8B540D0089EDDD /* PBXTargetDependency */,
			);
			name = MapKitPracticeTests;
			productName = MapKitPracticeTests;
			productReference = 796FCACF1B8B540D0089EDDD /* MapKitPracticeTests.xctest */;
			productType = "com.apple.product-type.bundle.unit-test";
		};
/* End PBXNativeTarget section */

/* Begin PBXProject section */
		796FCAB21B8B540D0089EDDD /* Project object */ = {
			isa = PBXProject;
			attributes = {
				LastUpgradeCheck = 0640;
				ORGANIZATIONNAME = "Innofied Solutions Pvt. Ltd.";
				TargetAttributes = {
					796FCAB91B8B540D0089EDDD = {
						CreatedOnToolsVersion = 6.4;
					};
					796FCACE1B8B540D0089EDDD = {
						CreatedOnToolsVersion = 6.4;
						TestTargetID = 796FCAB91B8B540D0089EDDD;
					};
				};
			};
			buildConfigurationList = 796FCAB51B8B540D0089EDDD /* Build configuration list for PBXProject "MapKitPractice" */;
			compatibilityVersion = "Xcode 3.2";
			developmentRegion = English;
			hasScannedForEncodings = 0;
			knownRegions = (
				en,
				Base,
			);
			mainGroup = 796FCAB11B8B540D0089EDDD;
			productRefGroup = 796FCABB1B8B540D0089EDDD /* Products */;
			projectDirPath = "";
			projectRoot = "";
			targets = (
				796FCAB91B8B540D0089EDDD /* MapKitPractice */,
				796FCACE1B8B540D0089EDDD /* MapKitPracticeTests */,
			);
		};
/* End PBXProject section */

/* Begin PBXResourcesBuildPhase section */
		796FCAB81B8B540D0089EDDD /* Resources */ = {
			isa = PBXResourcesBuildPhase;
			buildActionMask = 2147483647;
			files = (
				796FCAC51B8B540D0089EDDD /* Main.storyboard in Resources */,
				796FCACA1B8B540D0089EDDD /* LaunchScreen.xib in Resources */,
				796FCAC71B8B540D0089EDDD /* Images.xcassets in Resources */,
			);
			runOnlyForDeploymentPostprocessing = 0;
		};
		796FCACD1B8B540D0089EDDD /* Resources */ = {
			isa = PBXResourcesBuildPhase;
			buildActionMask = 2147483647;
			files = (
			);
			runOnlyForDeploymentPostprocessing = 0;
		};
/* End PBXResourcesBuildPhase section */

/* Begin PBXSourcesBuildPhase section */
		796FCAB61B8B540D0089EDDD /* Sources */ = {
			isa = PBXSourcesBuildPhase;
			buildActionMask = 2147483647;
			files = (
				796FCAC21B8B540D0089EDDD /* ViewController.swift in Sources */,
				79EE02541B8C5670001ED1A4 /* RouteVC.swift in Sources */,
				796FCAC01B8B540D0089EDDD /* AppDelegate.swift in Sources */,
			);
			runOnlyForDeploymentPostprocessing = 0;
		};
		796FCACB1B8B540D0089EDDD /* Sources */ = {
			isa = PBXSourcesBuildPhase;
			buildActionMask = 2147483647;
			files = (
				796FCAD61B8B540D0089EDDD /* MapKitPracticeTests.swift in Sources */,
			);
			runOnlyForDeploymentPostprocessing = 0;
		};
/* End PBXSourcesBuildPhase section */

/* Begin PBXTargetDependency section */
		796FCAD11B8B540D0089EDDD /* PBXTargetDependency */ = {
			isa = PBXTargetDependency;
			target = 796FCAB91B8B540D0089EDDD /* MapKitPractice */;
			targetProxy = 796FCAD01B8B540D0089EDDD /* PBXContainerItemProxy */;
		};
/* End PBXTargetDependency section */

/* Begin PBXVariantGroup section */
		796FCAC31B8B540D0089EDDD /* Main.storyboard */ = {
			isa = PBXVariantGroup;
			children = (
				796FCAC41B8B540D0089EDDD /* Base */,
			);
			name = Main.storyboard;
			sourceTree = "<group>";
		};
		796FCAC81B8B540D0089EDDD /* LaunchScreen.xib */ = {
			isa = PBXVariantGroup;
			children = (
				796FCAC91B8B540D0089EDDD /* Base */,
			);
			name = LaunchScreen.xib;
			sourceTree = "<group>";
		};
/* End PBXVariantGroup section */

/* Begin XCBuildConfiguration section */
		796FCAD71B8B540D0089EDDD /* Debug */ = {
			isa = XCBuildConfiguration;
			buildSettings = {
				ALWAYS_SEARCH_USER_PATHS = NO;
				CLANG_CXX_LANGUAGE_STANDARD = "gnu++0x";
				CLANG_CXX_LIBRARY = "libc++";
				CLANG_ENABLE_MODULES = YES;
				CLANG_ENABLE_OBJC_ARC = YES;
				CLANG_WARN_BOOL_CONVERSION = YES;
				CLANG_WARN_CONSTANT_CONVERSION = YES;
				CLANG_WARN_DIRECT_OBJC_ISA_USAGE = YES_ERROR;
				CLANG_WARN_EMPTY_BODY = YES;
				CLANG_WARN_ENUM_CONVERSION = YES;
				CLANG_WARN_INT_CONVERSION = YES;
				CLANG_WARN_OBJC_ROOT_CLASS = YES_ERROR;
				CLANG_WARN_UNREACHABLE_CODE = YES;
				CLANG_WARN__DUPLICATE_METHOD_MATCH = YES;
				"CODE_SIGN_IDENTITY[sdk=iphoneos*]" = "iPhone Developer";
				COPY_PHASE_STRIP = NO;
				DEBUG_INFORMATION_FORMAT = "dwarf-with-dsym";
				ENABLE_STRICT_OBJC_MSGSEND = YES;
				GCC_C_LANGUAGE_STANDARD = gnu99;
				GCC_DYNAMIC_NO_PIC = NO;
				GCC_NO_COMMON_BLOCKS = YES;
				GCC_OPTIMIZATION_LEVEL = 0;
				GCC_PREPROCESSOR_DEFINITIONS = (
					"DEBUG=1",
					"$(inherited)",
				);
				GCC_SYMBOLS_PRIVATE_EXTERN = NO;
				GCC_WARN_64_TO_32_BIT_CONVERSION = YES;
				GCC_WARN_ABOUT_RETURN_TYPE = YES_ERROR;
				GCC_WARN_UNDECLARED_SELECTOR = YES;
				GCC_WARN_UNINITIALIZED_AUTOS = YES_AGGRESSIVE;
				GCC_WARN_UNUSED_FUNCTION = YES;
				GCC_WARN_UNUSED_VARIABLE = YES;
				IPHONEOS_DEPLOYMENT_TARGET = 8.4;
				MTL_ENABLE_DEBUG_INFO = YES;
				ONLY_ACTIVE_ARCH = YES;
				SDKROOT = iphoneos;
				SWIFT_OPTIMIZATION_LEVEL = "-Onone";
			};
			name = Debug;
		};
		796FCAD81B8B540D0089EDDD /* Release */ = {
			isa = XCBuildConfiguration;
			buildSettings = {
				ALWAYS_SEARCH_USER_PATHS = NO;
				CLANG_CXX_LANGUAGE_STANDARD = "gnu++0x";
				CLANG_CXX_LIBRARY = "libc++";
				CLANG_ENABLE_MODULES = YES;
				CLANG_ENABLE_OBJC_ARC = YES;
				CLANG_WARN_BOOL_CONVERSION = YES;
				CLANG_WARN_CONSTANT_CONVERSION = YES;
				CLANG_WARN_DIRECT_OBJC_ISA_USAGE = YES_ERROR;
				CLANG_WARN_EMPTY_BODY = YES;
				CLANG_WARN_ENUM_CONVERSION = YES;
				CLANG_WARN_INT_CONVERSION = YES;
				CLANG_WARN_OBJC_ROOT_CLASS = YES_ERROR;
				CLANG_WARN_UNREACHABLE_CODE = YES;
				CLANG_WARN__DUPLICATE_METHOD_MATCH = YES;
				"CODE_SIGN_IDENTITY[sdk=iphoneos*]" = "iPhone Developer";
				COPY_PHASE_STRIP = NO;
				DEBUG_INFORMATION_FORMAT = "dwarf-with-dsym";
				ENABLE_NS_ASSERTIONS = NO;
				ENABLE_STRICT_OBJC_MSGSEND = YES;
				GCC_C_LANGUAGE_STANDARD = gnu99;
				GCC_NO_COMMON_BLOCKS = YES;
				GCC_WARN_64_TO_32_BIT_CONVERSION = YES;
				GCC_WARN_ABOUT_RETURN_TYPE = YES_ERROR;
				GCC_WARN_UNDECLARED_SELECTOR = YES;
				GCC_WARN_UNINITIALIZED_AUTOS = YES_AGGRESSIVE;
				GCC_WARN_UNUSED_FUNCTION = YES;
				GCC_WARN_UNUSED_VARIABLE = YES;
				IPHONEOS_DEPLOYMENT_TARGET = 8.4;
				MTL_ENABLE_DEBUG_INFO = NO;
				SDKROOT = iphoneos;
				VALIDATE_PRODUCT = YES;
			};
			name = Release;
		};
		796FCADA1B8B540D0089EDDD /* Debug */ = {
			isa = XCBuildConfiguration;
			buildSettings = {
				ASSETCATALOG_COMPILER_APPICON_NAME = AppIcon;
				INFOPLIST_FILE = MapKitPractice/Info.plist;
				LD_RUNPATH_SEARCH_PATHS = "$(inherited) @executable_path/Frameworks";
				PRODUCT_NAME = "$(TARGET_NAME)";
			};
			name = Debug;
		};
		796FCADB1B8B540D0089EDDD /* Release */ = {
			isa = XCBuildConfiguration;
			buildSettings = {
				ASSETCATALOG_COMPILER_APPICON_NAME = AppIcon;
				INFOPLIST_FILE = MapKitPractice/Info.plist;
				LD_RUNPATH_SEARCH_PATHS = "$(inherited) @executable_path/Frameworks";
				PRODUCT_NAME = "$(TARGET_NAME)";
			};
			name = Release;
		};
		796FCADD1B8B540D0089EDDD /* Debug */ = {
			isa = XCBuildConfiguration;
			buildSettings = {
				BUNDLE_LOADER = "$(TEST_HOST)";
				FRAMEWORK_SEARCH_PATHS = (
					"$(SDKROOT)/Developer/Library/Frameworks",
					"$(inherited)",
				);
				GCC_PREPROCESSOR_DEFINITIONS = (
					"DEBUG=1",
					"$(inherited)",
				);
				INFOPLIST_FILE = MapKitPracticeTests/Info.plist;
				LD_RUNPATH_SEARCH_PATHS = "$(inherited) @executable_path/Frameworks @loader_path/Frameworks";
				PRODUCT_NAME = "$(TARGET_NAME)";
				TEST_HOST = "$(BUILT_PRODUCTS_DIR)/MapKitPractice.app/MapKitPractice";
			};
			name = Debug;
		};
		796FCADE1B8B540D0089EDDD /* Release */ = {
			isa = XCBuildConfiguration;
			buildSettings = {
				BUNDLE_LOADER = "$(TEST_HOST)";
				FRAMEWORK_SEARCH_PATHS = (
					"$(SDKROOT)/Developer/Library/Frameworks",
					"$(inherited)",
				);
				INFOPLIST_FILE = MapKitPracticeTests/Info.plist;
				LD_RUNPATH_SEARCH_PATHS = "$(inherited) @executable_path/Frameworks @loader_path/Frameworks";
				PRODUCT_NAME = "$(TARGET_NAME)";
				TEST_HOST = "$(BUILT_PRODUCTS_DIR)/MapKitPractice.app/MapKitPractice";
			};
			name = Release;
		};
/* End XCBuildConfiguration section */

/* Begin XCConfigurationList section */
		796FCAB51B8B540D0089EDDD /* Build configuration list for PBXProject "MapKitPractice" */ = {
			isa = XCConfigurationList;
			buildConfigurations = (
				796FCAD71B8B540D0089EDDD /* Debug */,
				796FCAD81B8B540D0089EDDD /* Release */,
			);
			defaultConfigurationIsVisible = 0;
			defaultConfigurationName = Release;
		};
		796FCAD91B8B540D0089EDDD /* Build configuration list for PBXNativeTarget "MapKitPractice" */ = {
			isa = XCConfigurationList;
			buildConfigurations = (
				796FCADA1B8B540D0089EDDD /* Debug */,
				796FCADB1B8B540D0089EDDD /* Release */,
			);
			defaultConfigurationIsVisible = 0;
			defaultConfigurationName = Release;
		};
		796FCADC1B8B540D0089EDDD /* Build configuration list for PBXNativeTarget "MapKitPracticeTests" */ = {
			isa = XCConfigurationList;
			buildConfigurations = (
				796FCADD1B8B540D0089EDDD /* Debug */,
				796FCADE1B8B540D0089EDDD /* Release */,
			);
			defaultConfigurationIsVisible = 0;
			defaultConfigurationName = Release;
		};
/* End XCConfigurationList section */
	};
	rootObject = 796FCAB21B8B540D0089EDDD /* Project object */;
}
